
Microsoft Visual Studio Solution File, Format Version 12.00
# Visual Studio Version 17
VisualStudioVersion = 17.13.35825.156 d17.13
MinimumVisualStudioVersion = 10.0.40219.1
Project("{8BC9CEB8-8B4A-11D0-8D11-00A0C91BC942}") = "ScreenRecorder", "ScreenRecorder\ScreenRecorder.vcxproj", "{5E65EBF3-EDB1-4E52-8C86-8A2C9D90E759}"
EndProject
Global
	GlobalSection(SolutionConfigurationPlatforms) = preSolution
		Debug|x64 = Debug|x64
		Debug|x86 = Debug|x86
		Release|x64 = Release|x64
		Release|x86 = Release|x86
	EndGlobalSection
	GlobalSection(ProjectConfigurationPlatforms) = postSolution
		{5E65EBF3-EDB1-4E52-8C86-8A2C9D90E759}.Debug|x64.ActiveCfg = Debug|x64
		{5E65EBF3-EDB1-4E52-8C86-8A2C9D90E759}.Debug|x64.Build.0 = Debug|x64
		{5E65EBF3-EDB1-4E52-8C86-8A2C9D90E759}.Debug|x86.ActiveCfg = Debug|Win32
		{5E65EBF3-EDB1-4E52-8C86-8A2C9D90E759}.Debug|x86.Build.0 = Debug|Win32
		{5E65EBF3-EDB1-4E52-8C86-8A2C9D90E759}.Release|x64.ActiveCfg = Release|x64
		{5E65EBF3-EDB1-4E52-8C86-8A2C9D90E759}.Release|x64.Build.0 = Release|x64
		{5E65EBF3-EDB1-4E52-8C86-8A2C9D90E759}.Release|x86.ActiveCfg = Release|Win32
		{5E65EBF3-EDB1-4E52-8C86-8A2C9D90E759}.Release|x86.Build.0 = Release|Win32
	EndGlobalSection
	GlobalSection(SolutionProperties) = preSolution
		HideSolutionNode = FALSE
	EndGlobalSection
	GlobalSection(ExtensibilityGlobals) = postSolution
		SolutionGuid = {97748C12-29D8-4C3F-9579-DE0ED87293B0}
	EndGlobalSection
EndGlobal
