<?xml version="1.0" encoding="utf-8"?>
<Project ToolsVersion="4.0" xmlns="http://schemas.microsoft.com/developer/msbuild/2003">
  <ItemGroup>
    <Filter Include="Исходные файлы">
      <UniqueIdentifier>{4FC737F1-C7A5-4376-A066-2A32D752A2FF}</UniqueIdentifier>
      <Extensions>cpp;c;cc;cxx;c++;cppm;ixx;def;odl;idl;hpj;bat;asm;asmx</Extensions>
    </Filter>
    <Filter Include="Файлы заголовков">
      <UniqueIdentifier>{93995380-89BD-4b04-88EB-625FBE52EBFB}</UniqueIdentifier>
      <Extensions>h;hh;hpp;hxx;h++;hm;inl;inc;ipp;xsd</Extensions>
    </Filter>
    <Filter Include="Файлы ресурсов">
      <UniqueIdentifier>{67DA6AB6-F800-4c08-8B7A-83BB121AAD01}</UniqueIdentifier>
      <Extensions>rc;ico;cur;bmp;dlg;rc2;rct;bin;rgs;gif;jpg;jpeg;jpe;resx;tiff;tif;png;wav;mfcribbon-ms</Extensions>
    </Filter>
    <Filter Include="Файлы заголовков\MAIN">
      <UniqueIdentifier>{15ea4aa7-beba-4c3b-9092-3475bc3f9495}</UniqueIdentifier>
    </Filter>
    <Filter Include="Исходные файлы\MAIN">
      <UniqueIdentifier>{726323ce-680c-4dec-a73f-62a083e8bcad}</UniqueIdentifier>
    </Filter>
    <Filter Include="Исходные файлы\SCREEN_RECORDER">
      <UniqueIdentifier>{50e5d879-1ba1-41b1-838a-ffba5572230b}</UniqueIdentifier>
    </Filter>
    <Filter Include="Файлы заголовков\SCREEN_RECORDER">
      <UniqueIdentifier>{6db839e6-8cfc-4453-bb9a-5dab69628511}</UniqueIdentifier>
    </Filter>
    <Filter Include="Исходные файлы\APP_CONTROLLER">
      <UniqueIdentifier>{42c96c2e-cfe5-4b20-a053-6d0565c6de14}</UniqueIdentifier>
    </Filter>
    <Filter Include="Файлы заголовков\APP_CONTROLLER">
      <UniqueIdentifier>{fe92da22-9729-4c6b-be0b-e92f47bff54f}</UniqueIdentifier>
    </Filter>
    <Filter Include="Файлы заголовков\RECORDER">
      <UniqueIdentifier>{af6fa5ed-5c5d-438e-8510-e9bb6391d4f3}</UniqueIdentifier>
    </Filter>
  </ItemGroup>
  <ItemGroup>
    <ClCompile Include="SCREEN_RECORDER\ScreenRecorder.cpp">
      <Filter>Исходные файлы\SCREEN_RECORDER</Filter>
    </ClCompile>
    <ClCompile Include="MAIN\main.cpp">
      <Filter>Исходные файлы\MAIN</Filter>
    </ClCompile>
    <ClCompile Include="SCREEN_RECORDER\ScreenCapture.cpp">
      <Filter>Исходные файлы\SCREEN_RECORDER</Filter>
    </ClCompile>
    <ClCompile Include="APP_CONTROLLER\AppController.cpp">
      <Filter>Исходные файлы\APP_CONTROLLER</Filter>
    </ClCompile>
    <ClCompile Include="APP_CONTROLLER\AppThreads.cpp">
      <Filter>Исходные файлы\APP_CONTROLLER</Filter>
    </ClCompile>
  </ItemGroup>
  <ItemGroup>
    <ClInclude Include="SCREEN_RECORDER\ScreenRecorder.h">
      <Filter>Файлы заголовков\SCREEN_RECORDER</Filter>
    </ClInclude>
    <ClInclude Include="MAIN\main.h">
      <Filter>Файлы заголовков\MAIN</Filter>
    </ClInclude>
    <ClInclude Include="APP_CONTROLLER\AppController.h">
      <Filter>Файлы заголовков\APP_CONTROLLER</Filter>
    </ClInclude>
    <ClInclude Include="RECORDER\IRecorder.h">
      <Filter>Файлы заголовков\RECORDER</Filter>
    </ClInclude>
  </ItemGroup>
</Project>